
Microsoft Visual Studio Solution File, Format Version 12.00
# Visual Studio 15
VisualStudioVersion = 15.0.27703.2026
MinimumVisualStudioVersion = 10.0.40219.1
Project("{FAE04EC0-301F-11D3-BF4B-00C04F79EFBC}") = "COMP214_PetShopGUI", "COMP214_PetShopGUI\COMP214_PetShopGUI.csproj", "{B19BB1C9-912D-44DE-8DC7-E1D551B62C33}"
EndProject
Global
	GlobalSection(SolutionConfigurationPlatforms) = preSolution
		Debug|Any CPU = Debug|Any CPU
		Release|Any CPU = Release|Any CPU
	EndGlobalSection
	GlobalSection(ProjectConfigurationPlatforms) = postSolution
		{B19BB1C9-912D-44DE-8DC7-E1D551B62C33}.Debug|Any CPU.ActiveCfg = Debug|Any CPU
		{B19BB1C9-912D-44DE-8DC7-E1D551B62C33}.Debug|Any CPU.Build.0 = Debug|Any CPU
		{B19BB1C9-912D-44DE-8DC7-E1D551B62C33}.Release|Any CPU.ActiveCfg = Release|Any CPU
		{B19BB1C9-912D-44DE-8DC7-E1D551B62C33}.Release|Any CPU.Build.0 = Release|Any CPU
	EndGlobalSection
	GlobalSection(SolutionProperties) = preSolution
		HideSolutionNode = FALSE
	EndGlobalSection
	GlobalSection(ExtensibilityGlobals) = postSolution
		SolutionGuid = {D7563FD5-584C-40F7-831B-A4D89168B173}
	EndGlobalSection
EndGlobal
